
Microsoft Visual Studio Solution File, Format Version 12.00
# Visual Studio 15
VisualStudioVersion = 15.0.26228.4
MinimumVisualStudioVersion = 10.0.40219.1
Project("{FAE04EC0-301F-11D3-BF4B-00C04F79EFBC}") = "MVC_Test", "MVC_Test\MVC_Test.csproj", "{A340E50E-4689-4CD1-812D-11231953F8CF}"
EndProject
Global
	GlobalSection(SolutionConfigurationPlatforms) = preSolution
		Debug|Any CPU = Debug|Any CPU
		Release|Any CPU = Release|Any CPU
	EndGlobalSection
	GlobalSection(ProjectConfigurationPlatforms) = postSolution
		{A340E50E-4689-4CD1-812D-11231953F8CF}.Debug|Any CPU.ActiveCfg = Debug|Any CPU
		{A340E50E-4689-4CD1-812D-11231953F8CF}.Debug|Any CPU.Build.0 = Debug|Any CPU
		{A340E50E-4689-4CD1-812D-11231953F8CF}.Release|Any CPU.ActiveCfg = Release|Any CPU
		{A340E50E-4689-4CD1-812D-11231953F8CF}.Release|Any CPU.Build.0 = Release|Any CPU
	EndGlobalSection
	GlobalSection(SolutionProperties) = preSolution
		HideSolutionNode = FALSE
	EndGlobalSection
EndGlobal
